// !$*UTF8*$!
{
	archiveVersion = 1;
	classes = {
	};
	objectVersion = 50;
	objects = {

/* Begin PBXBuildFile section */
		36EA7FA7252D6303005149BF /* Assets.xcassets in Resources */ = {isa = PBXBuildFile; fileRef = 36EA7FA6252D6303005149BF /* Assets.xcassets */; };
		36EA7FBF252D63A4005149BF /* MapViewController.swift in Sources */ = {isa = PBXBuildFile; fileRef = 36EA7FB9252D63A3005149BF /* MapViewController.swift */; };
		36EA7FC0252D63A4005149BF /* DataController.swift in Sources */ = {isa = PBXBuildFile; fileRef = 36EA7FBA252D63A3005149BF /* DataController.swift */; };
		36EA7FC1252D63A4005149BF /* ImageDetailViewController.swift in Sources */ = {isa = PBXBuildFile; fileRef = 36EA7FBB252D63A4005149BF /* ImageDetailViewController.swift */; };
		36EA7FC2252D63A4005149BF /* PinDetailViewController.swift in Sources */ = {isa = PBXBuildFile; fileRef = 36EA7FBC252D63A4005149BF /* PinDetailViewController.swift */; };
		36EA7FC3252D63A4005149BF /* ImagesTableViewController.swift in Sources */ = {isa = PBXBuildFile; fileRef = 36EA7FBD252D63A4005149BF /* ImagesTableViewController.swift */; };
		36EA7FC4252D63A4005149BF /* Extensions+MapViewController.swift in Sources */ = {isa = PBXBuildFile; fileRef = 36EA7FBE252D63A4005149BF /* Extensions+MapViewController.swift */; };
		36EA7FC8252D63B2005149BF /* QueryHandler.swift in Sources */ = {isa = PBXBuildFile; fileRef = 36EA7FC5252D63B1005149BF /* QueryHandler.swift */; };
		36EA7FC9252D63B2005149BF /* MapHandler.swift in Sources */ = {isa = PBXBuildFile; fileRef = 36EA7FC6252D63B2005149BF /* MapHandler.swift */; };
		36EA7FCA252D63B2005149BF /* TextFieldHandler.swift in Sources */ = {isa = PBXBuildFile; fileRef = 36EA7FC7252D63B2005149BF /* TextFieldHandler.swift */; };
		36EA7FCF252D63C3005149BF /* Learn2Tune.xcdatamodeld in Sources */ = {isa = PBXBuildFile; fileRef = 36EA7FCB252D63C3005149BF /* Learn2Tune.xcdatamodeld */; };
		36EA7FD1252D6462005149BF /* Helper.swift in Sources */ = {isa = PBXBuildFile; fileRef = 36EA7FD0252D6462005149BF /* Helper.swift */; };
		36EA7FD4252D6516005149BF /* PinDetailCollectionViewCell.swift in Sources */ = {isa = PBXBuildFile; fileRef = 36EA7FD2252D6516005149BF /* PinDetailCollectionViewCell.swift */; };
		36EA7FD5252D6516005149BF /* ImageTableViewCell.swift in Sources */ = {isa = PBXBuildFile; fileRef = 36EA7FD3252D6516005149BF /* ImageTableViewCell.swift */; };
		36EA7FDB252D6522005149BF /* Requests.swift in Sources */ = {isa = PBXBuildFile; fileRef = 36EA7FD6252D6522005149BF /* Requests.swift */; };
		36EA7FDC252D6522005149BF /* AzureClient.swift in Sources */ = {isa = PBXBuildFile; fileRef = 36EA7FD7252D6522005149BF /* AzureClient.swift */; };
		36EA7FDD252D6522005149BF /* FlickrClient.swift in Sources */ = {isa = PBXBuildFile; fileRef = 36EA7FD8252D6522005149BF /* FlickrClient.swift */; };
		36EA7FDE252D6522005149BF /* Responses.swift in Sources */ = {isa = PBXBuildFile; fileRef = 36EA7FD9252D6522005149BF /* Responses.swift */; };
		36EA7FDF252D6522005149BF /* WebClient.swift in Sources */ = {isa = PBXBuildFile; fileRef = 36EA7FDA252D6522005149BF /* WebClient.swift */; };
		36EA7FE2252D6538005149BF /* LaunchScreen.storyboard in Resources */ = {isa = PBXBuildFile; fileRef = 36EA7FE0252D6537005149BF /* LaunchScreen.storyboard */; };
		36EA7FE3252D6538005149BF /* Main.storyboard in Resources */ = {isa = PBXBuildFile; fileRef = 36EA7FE1252D6538005149BF /* Main.storyboard */; };
		36EA7FE7252D6590005149BF /* SceneDelegate.swift in Sources */ = {isa = PBXBuildFile; fileRef = 36EA7FE4252D6590005149BF /* SceneDelegate.swift */; };
		36EA7FE9252D6590005149BF /* Constants.swift in Sources */ = {isa = PBXBuildFile; fileRef = 36EA7FE6252D6590005149BF /* Constants.swift */; };
		36EA7FEB252D791E005149BF /* AppDelegate.swift in Sources */ = {isa = PBXBuildFile; fileRef = 36EA7FEA252D791E005149BF /* AppDelegate.swift */; };
/* End PBXBuildFile section */

/* Begin PBXFileReference section */
		36EA7F9A252D6300005149BF /* Learn2Tune2.app */ = {isa = PBXFileReference; explicitFileType = wrapper.application; includeInIndex = 0; path = Learn2Tune2.app; sourceTree = BUILT_PRODUCTS_DIR; };
		36EA7FA6252D6303005149BF /* Assets.xcassets */ = {isa = PBXFileReference; lastKnownFileType = folder.assetcatalog; path = Assets.xcassets; sourceTree = "<group>"; };
		36EA7FAB252D6303005149BF /* Info.plist */ = {isa = PBXFileReference; lastKnownFileType = text.plist.xml; path = Info.plist; sourceTree = "<group>"; };
		36EA7FB9252D63A3005149BF /* MapViewController.swift */ = {isa = PBXFileReference; fileEncoding = 4; lastKnownFileType = sourcecode.swift; path = MapViewController.swift; sourceTree = "<group>"; };
		36EA7FBA252D63A3005149BF /* DataController.swift */ = {isa = PBXFileReference; fileEncoding = 4; lastKnownFileType = sourcecode.swift; path = DataController.swift; sourceTree = "<group>"; };
		36EA7FBB252D63A4005149BF /* ImageDetailViewController.swift */ = {isa = PBXFileReference; fileEncoding = 4; lastKnownFileType = sourcecode.swift; path = ImageDetailViewController.swift; sourceTree = "<group>"; };
		36EA7FBC252D63A4005149BF /* PinDetailViewController.swift */ = {isa = PBXFileReference; fileEncoding = 4; lastKnownFileType = sourcecode.swift; path = PinDetailViewController.swift; sourceTree = "<group>"; };
		36EA7FBD252D63A4005149BF /* ImagesTableViewController.swift */ = {isa = PBXFileReference; fileEncoding = 4; lastKnownFileType = sourcecode.swift; path = ImagesTableViewController.swift; sourceTree = "<group>"; };
		36EA7FBE252D63A4005149BF /* Extensions+MapViewController.swift */ = {isa = PBXFileReference; fileEncoding = 4; lastKnownFileType = sourcecode.swift; path = "Extensions+MapViewController.swift"; sourceTree = "<group>"; };
		36EA7FC5252D63B1005149BF /* QueryHandler.swift */ = {isa = PBXFileReference; fileEncoding = 4; lastKnownFileType = sourcecode.swift; path = QueryHandler.swift; sourceTree = "<group>"; };
		36EA7FC6252D63B2005149BF /* MapHandler.swift */ = {isa = PBXFileReference; fileEncoding = 4; lastKnownFileType = sourcecode.swift; path = MapHandler.swift; sourceTree = "<group>"; };
		36EA7FC7252D63B2005149BF /* TextFieldHandler.swift */ = {isa = PBXFileReference; fileEncoding = 4; lastKnownFileType = sourcecode.swift; path = TextFieldHandler.swift; sourceTree = "<group>"; };
		36EA7FCC252D63C3005149BF /* L2T_model v 3.xcdatamodel */ = {isa = PBXFileReference; lastKnownFileType = wrapper.xcdatamodel; path = "L2T_model v 3.xcdatamodel"; sourceTree = "<group>"; };
		36EA7FCD252D63C3005149BF /* L2T_model.xcdatamodel */ = {isa = PBXFileReference; lastKnownFileType = wrapper.xcdatamodel; path = L2T_model.xcdatamodel; sourceTree = "<group>"; };
		36EA7FCE252D63C3005149BF /* L2T_model v2.xcdatamodel */ = {isa = PBXFileReference; lastKnownFileType = wrapper.xcdatamodel; path = "L2T_model v2.xcdatamodel"; sourceTree = "<group>"; };
		36EA7FD0252D6462005149BF /* Helper.swift */ = {isa = PBXFileReference; fileEncoding = 4; lastKnownFileType = sourcecode.swift; path = Helper.swift; sourceTree = "<group>"; };
		36EA7FD2252D6516005149BF /* PinDetailCollectionViewCell.swift */ = {isa = PBXFileReference; fileEncoding = 4; lastKnownFileType = sourcecode.swift; path = PinDetailCollectionViewCell.swift; sourceTree = "<group>"; };
		36EA7FD3252D6516005149BF /* ImageTableViewCell.swift */ = {isa = PBXFileReference; fileEncoding = 4; lastKnownFileType = sourcecode.swift; path = ImageTableViewCell.swift; sourceTree = "<group>"; };
		36EA7FD6252D6522005149BF /* Requests.swift */ = {isa = PBXFileReference; fileEncoding = 4; lastKnownFileType = sourcecode.swift; path = Requests.swift; sourceTree = "<group>"; };
		36EA7FD7252D6522005149BF /* AzureClient.swift */ = {isa = PBXFileReference; fileEncoding = 4; lastKnownFileType = sourcecode.swift; path = AzureClient.swift; sourceTree = "<group>"; };
		36EA7FD8252D6522005149BF /* FlickrClient.swift */ = {isa = PBXFileReference; fileEncoding = 4; lastKnownFileType = sourcecode.swift; path = FlickrClient.swift; sourceTree = "<group>"; };
		36EA7FD9252D6522005149BF /* Responses.swift */ = {isa = PBXFileReference; fileEncoding = 4; lastKnownFileType = sourcecode.swift; path = Responses.swift; sourceTree = "<group>"; };
		36EA7FDA252D6522005149BF /* WebClient.swift */ = {isa = PBXFileReference; fileEncoding = 4; lastKnownFileType = sourcecode.swift; path = WebClient.swift; sourceTree = "<group>"; };
		36EA7FE0252D6537005149BF /* LaunchScreen.storyboard */ = {isa = PBXFileReference; fileEncoding = 4; lastKnownFileType = file.storyboard; path = LaunchScreen.storyboard; sourceTree = "<group>"; };
		36EA7FE1252D6538005149BF /* Main.storyboard */ = {isa = PBXFileReference; fileEncoding = 4; lastKnownFileType = file.storyboard; path = Main.storyboard; sourceTree = "<group>"; };
		36EA7FE4252D6590005149BF /* SceneDelegate.swift */ = {isa = PBXFileReference; fileEncoding = 4; lastKnownFileType = sourcecode.swift; path = SceneDelegate.swift; sourceTree = "<group>"; };
		36EA7FE6252D6590005149BF /* Constants.swift */ = {isa = PBXFileReference; fileEncoding = 4; lastKnownFileType = sourcecode.swift; path = Constants.swift; sourceTree = "<group>"; };
		36EA7FEA252D791E005149BF /* AppDelegate.swift */ = {isa = PBXFileReference; fileEncoding = 4; lastKnownFileType = sourcecode.swift; path = AppDelegate.swift; sourceTree = "<group>"; };
/* End PBXFileReference section */

/* Begin PBXFrameworksBuildPhase section */
		36EA7F97252D6300005149BF /* Frameworks */ = {
			isa = PBXFrameworksBuildPhase;
			buildActionMask = 2147483647;
			files = (
			);
			runOnlyForDeploymentPostprocessing = 0;
		};
/* End PBXFrameworksBuildPhase section */

/* Begin PBXGroup section */
		36EA7F91252D6300005149BF = {
			isa = PBXGroup;
			children = (
				36EA7F9C252D6300005149BF /* Learn2Tune2 */,
				36EA7F9B252D6300005149BF /* Products */,
			);
			sourceTree = "<group>";
		};
		36EA7F9B252D6300005149BF /* Products */ = {
			isa = PBXGroup;
			children = (
				36EA7F9A252D6300005149BF /* Learn2Tune2.app */,
			);
			name = Products;
			sourceTree = "<group>";
		};
		36EA7F9C252D6300005149BF /* Learn2Tune2 */ = {
			isa = PBXGroup;
			children = (
				36EA7FB8252D6394005149BF /* Extra */,
				36EA7FB7252D6385005149BF /* Assets */,
				36EA7FB6252D6375005149BF /* Views */,
				36EA7FB5252D6368005149BF /* WebClient */,
				36EA7FB4252D635D005149BF /* Storyboards */,
				36EA7FB3252D6348005149BF /* ViewControllers */,
				36EA7FB2252D6321005149BF /* Handlers */,
				36EA7FB1252D6314005149BF /* Model */,
				36EA7FE6252D6590005149BF /* Constants.swift */,
				36EA7FEA252D791E005149BF /* AppDelegate.swift */,
				36EA7FE4252D6590005149BF /* SceneDelegate.swift */,
				36EA7FAB252D6303005149BF /* Info.plist */,
			);
			path = Learn2Tune2;
			sourceTree = "<group>";
		};
		36EA7FB1252D6314005149BF /* Model */ = {
			isa = PBXGroup;
			children = (
				36EA7FCB252D63C3005149BF /* Learn2Tune.xcdatamodeld */,
			);
			path = Model;
			sourceTree = "<group>";
		};
		36EA7FB2252D6321005149BF /* Handlers */ = {
			isa = PBXGroup;
			children = (
				36EA7FC6252D63B2005149BF /* MapHandler.swift */,
				36EA7FC5252D63B1005149BF /* QueryHandler.swift */,
				36EA7FC7252D63B2005149BF /* TextFieldHandler.swift */,
			);
			path = Handlers;
			sourceTree = "<group>";
		};
		36EA7FB3252D6348005149BF /* ViewControllers */ = {
			isa = PBXGroup;
			children = (
				36EA7FBA252D63A3005149BF /* DataController.swift */,
				36EA7FBE252D63A4005149BF /* Extensions+MapViewController.swift */,
				36EA7FBB252D63A4005149BF /* ImageDetailViewController.swift */,
				36EA7FBD252D63A4005149BF /* ImagesTableViewController.swift */,
				36EA7FB9252D63A3005149BF /* MapViewController.swift */,
				36EA7FBC252D63A4005149BF /* PinDetailViewController.swift */,
			);
			path = ViewControllers;
			sourceTree = "<group>";
		};
		36EA7FB4252D635D005149BF /* Storyboards */ = {
			isa = PBXGroup;
			children = (
				36EA7FE0252D6537005149BF /* LaunchScreen.storyboard */,
				36EA7FE1252D6538005149BF /* Main.storyboard */,
			);
			path = Storyboards;
			sourceTree = "<group>";
		};
		36EA7FB5252D6368005149BF /* WebClient */ = {
			isa = PBXGroup;
			children = (
				36EA7FD7252D6522005149BF /* AzureClient.swift */,
				36EA7FD8252D6522005149BF /* FlickrClient.swift */,
				36EA7FD6252D6522005149BF /* Requests.swift */,
				36EA7FD9252D6522005149BF /* Responses.swift */,
				36EA7FDA252D6522005149BF /* WebClient.swift */,
			);
			path = WebClient;
			sourceTree = "<group>";
		};
		36EA7FB6252D6375005149BF /* Views */ = {
			isa = PBXGroup;
			children = (
				36EA7FD3252D6516005149BF /* ImageTableViewCell.swift */,
				36EA7FD2252D6516005149BF /* PinDetailCollectionViewCell.swift */,
			);
			path = Views;
			sourceTree = "<group>";
		};
		36EA7FB7252D6385005149BF /* Assets */ = {
			isa = PBXGroup;
			children = (
				36EA7FA6252D6303005149BF /* Assets.xcassets */,
			);
			path = Assets;
			sourceTree = "<group>";
		};
		36EA7FB8252D6394005149BF /* Extra */ = {
			isa = PBXGroup;
			children = (
				36EA7FD0252D6462005149BF /* Helper.swift */,
			);
			path = Extra;
			sourceTree = "<group>";
		};
/* End PBXGroup section */

/* Begin PBXNativeTarget section */
		36EA7F99252D6300005149BF /* Learn2Tune2 */ = {
			isa = PBXNativeTarget;
			buildConfigurationList = 36EA7FAE252D6303005149BF /* Build configuration list for PBXNativeTarget "Learn2Tune2" */;
			buildPhases = (
				36EA7F96252D6300005149BF /* Sources */,
				36EA7F97252D6300005149BF /* Frameworks */,
				36EA7F98252D6300005149BF /* Resources */,
			);
			buildRules = (
			);
			dependencies = (
			);
			name = Learn2Tune2;
			productName = Learn2Tune2;
			productReference = 36EA7F9A252D6300005149BF /* Learn2Tune2.app */;
			productType = "com.apple.product-type.application";
		};
/* End PBXNativeTarget section */

/* Begin PBXProject section */
		36EA7F92252D6300005149BF /* Project object */ = {
			isa = PBXProject;
			attributes = {
				LastSwiftUpdateCheck = 1200;
				LastUpgradeCheck = 1200;
				TargetAttributes = {
					36EA7F99252D6300005149BF = {
						CreatedOnToolsVersion = 12.0;
					};
				};
			};
			buildConfigurationList = 36EA7F95252D6300005149BF /* Build configuration list for PBXProject "Learn2Tune2" */;
			compatibilityVersion = "Xcode 9.3";
			developmentRegion = en;
			hasScannedForEncodings = 0;
			knownRegions = (
				en,
				Base,
			);
			mainGroup = 36EA7F91252D6300005149BF;
			productRefGroup = 36EA7F9B252D6300005149BF /* Products */;
			projectDirPath = "";
			projectRoot = "";
			targets = (
				36EA7F99252D6300005149BF /* Learn2Tune2 */,
			);
		};
/* End PBXProject section */

/* Begin PBXResourcesBuildPhase section */
		36EA7F98252D6300005149BF /* Resources */ = {
			isa = PBXResourcesBuildPhase;
			buildActionMask = 2147483647;
			files = (
				36EA7FE3252D6538005149BF /* Main.storyboard in Resources */,
				36EA7FE2252D6538005149BF /* LaunchScreen.storyboard in Resources */,
				36EA7FA7252D6303005149BF /* Assets.xcassets in Resources */,
			);
			runOnlyForDeploymentPostprocessing = 0;
		};
/* End PBXResourcesBuildPhase section */

/* Begin PBXSourcesBuildPhase section */
		36EA7F96252D6300005149BF /* Sources */ = {
			isa = PBXSourcesBuildPhase;
			buildActionMask = 2147483647;
			files = (
				36EA7FDE252D6522005149BF /* Responses.swift in Sources */,
				36EA7FE9252D6590005149BF /* Constants.swift in Sources */,
				36EA7FDD252D6522005149BF /* FlickrClient.swift in Sources */,
				36EA7FCA252D63B2005149BF /* TextFieldHandler.swift in Sources */,
				36EA7FD1252D6462005149BF /* Helper.swift in Sources */,
				36EA7FC4252D63A4005149BF /* Extensions+MapViewController.swift in Sources */,
				36EA7FC0252D63A4005149BF /* DataController.swift in Sources */,
				36EA7FC2252D63A4005149BF /* PinDetailViewController.swift in Sources */,
				36EA7FC1252D63A4005149BF /* ImageDetailViewController.swift in Sources */,
				36EA7FDC252D6522005149BF /* AzureClient.swift in Sources */,
				36EA7FCF252D63C3005149BF /* Learn2Tune.xcdatamodeld in Sources */,
				36EA7FDF252D6522005149BF /* WebClient.swift in Sources */,
				36EA7FD4252D6516005149BF /* PinDetailCollectionViewCell.swift in Sources */,
				36EA7FDB252D6522005149BF /* Requests.swift in Sources */,
				36EA7FD5252D6516005149BF /* ImageTableViewCell.swift in Sources */,
				36EA7FC9252D63B2005149BF /* MapHandler.swift in Sources */,
				36EA7FE7252D6590005149BF /* SceneDelegate.swift in Sources */,
				36EA7FBF252D63A4005149BF /* MapViewController.swift in Sources */,
				36EA7FEB252D791E005149BF /* AppDelegate.swift in Sources */,
				36EA7FC3252D63A4005149BF /* ImagesTableViewController.swift in Sources */,
				36EA7FC8252D63B2005149BF /* QueryHandler.swift in Sources */,
			);
			runOnlyForDeploymentPostprocessing = 0;
		};
/* End PBXSourcesBuildPhase section */

/* Begin XCBuildConfiguration section */
		36EA7FAC252D6303005149BF /* Debug */ = {
			isa = XCBuildConfiguration;
			buildSettings = {
				ALWAYS_SEARCH_USER_PATHS = NO;
				CLANG_ANALYZER_NONNULL = YES;
				CLANG_ANALYZER_NUMBER_OBJECT_CONVERSION = YES_AGGRESSIVE;
				CLANG_CXX_LANGUAGE_STANDARD = "gnu++14";
				CLANG_CXX_LIBRARY = "libc++";
				CLANG_ENABLE_MODULES = YES;
				CLANG_ENABLE_OBJC_ARC = YES;
				CLANG_ENABLE_OBJC_WEAK = YES;
				CLANG_WARN_BLOCK_CAPTURE_AUTORELEASING = YES;
				CLANG_WARN_BOOL_CONVERSION = YES;
				CLANG_WARN_COMMA = YES;
				CLANG_WARN_CONSTANT_CONVERSION = YES;
				CLANG_WARN_DEPRECATED_OBJC_IMPLEMENTATIONS = YES;
				CLANG_WARN_DIRECT_OBJC_ISA_USAGE = YES_ERROR;
				CLANG_WARN_DOCUMENTATION_COMMENTS = YES;
				CLANG_WARN_EMPTY_BODY = YES;
				CLANG_WARN_ENUM_CONVERSION = YES;
				CLANG_WARN_INFINITE_RECURSION = YES;
				CLANG_WARN_INT_CONVERSION = YES;
				CLANG_WARN_NON_LITERAL_NULL_CONVERSION = YES;
				CLANG_WARN_OBJC_IMPLICIT_RETAIN_SELF = YES;
				CLANG_WARN_OBJC_LITERAL_CONVERSION = YES;
				CLANG_WARN_OBJC_ROOT_CLASS = YES_ERROR;
				CLANG_WARN_QUOTED_INCLUDE_IN_FRAMEWORK_HEADER = YES;
				CLANG_WARN_RANGE_LOOP_ANALYSIS = YES;
				CLANG_WARN_STRICT_PROTOTYPES = YES;
				CLANG_WARN_SUSPICIOUS_MOVE = YES;
				CLANG_WARN_UNGUARDED_AVAILABILITY = YES_AGGRESSIVE;
				CLANG_WARN_UNREACHABLE_CODE = YES;
				CLANG_WARN__DUPLICATE_METHOD_MATCH = YES;
				COPY_PHASE_STRIP = NO;
				DEBUG_INFORMATION_FORMAT = dwarf;
				ENABLE_STRICT_OBJC_MSGSEND = YES;
				ENABLE_TESTABILITY = YES;
				GCC_C_LANGUAGE_STANDARD = gnu11;
				GCC_DYNAMIC_NO_PIC = NO;
				GCC_NO_COMMON_BLOCKS = YES;
				GCC_OPTIMIZATION_LEVEL = 0;
				GCC_PREPROCESSOR_DEFINITIONS = (
					"DEBUG=1",
					"$(inherited)",
				);
				GCC_WARN_64_TO_32_BIT_CONVERSION = YES;
				GCC_WARN_ABOUT_RETURN_TYPE = YES_ERROR;
				GCC_WARN_UNDECLARED_SELECTOR = YES;
				GCC_WARN_UNINITIALIZED_AUTOS = YES_AGGRESSIVE;
				GCC_WARN_UNUSED_FUNCTION = YES;
				GCC_WARN_UNUSED_VARIABLE = YES;
				IPHONEOS_DEPLOYMENT_TARGET = 14.0;
				MTL_ENABLE_DEBUG_INFO = INCLUDE_SOURCE;
				MTL_FAST_MATH = YES;
				ONLY_ACTIVE_ARCH = YES;
				SDKROOT = iphoneos;
				SWIFT_ACTIVE_COMPILATION_CONDITIONS = DEBUG;
				SWIFT_OPTIMIZATION_LEVEL = "-Onone";
			};
			name = Debug;
		};
		36EA7FAD252D6303005149BF /* Release */ = {
			isa = XCBuildConfiguration;
			buildSettings = {
				ALWAYS_SEARCH_USER_PATHS = NO;
				CLANG_ANALYZER_NONNULL = YES;
				CLANG_ANALYZER_NUMBER_OBJECT_CONVERSION = YES_AGGRESSIVE;
				CLANG_CXX_LANGUAGE_STANDARD = "gnu++14";
				CLANG_CXX_LIBRARY = "libc++";
				CLANG_ENABLE_MODULES = YES;
				CLANG_ENABLE_OBJC_ARC = YES;
				CLANG_ENABLE_OBJC_WEAK = YES;
				CLANG_WARN_BLOCK_CAPTURE_AUTORELEASING = YES;
				CLANG_WARN_BOOL_CONVERSION = YES;
				CLANG_WARN_COMMA = YES;
				CLANG_WARN_CONSTANT_CONVERSION = YES;
				CLANG_WARN_DEPRECATED_OBJC_IMPLEMENTATIONS = YES;
				CLANG_WARN_DIRECT_OBJC_ISA_USAGE = YES_ERROR;
				CLANG_WARN_DOCUMENTATION_COMMENTS = YES;
				CLANG_WARN_EMPTY_BODY = YES;
				CLANG_WARN_ENUM_CONVERSION = YES;
				CLANG_WARN_INFINITE_RECURSION = YES;
				CLANG_WARN_INT_CONVERSION = YES;
				CLANG_WARN_NON_LITERAL_NULL_CONVERSION = YES;
				CLANG_WARN_OBJC_IMPLICIT_RETAIN_SELF = YES;
				CLANG_WARN_OBJC_LITERAL_CONVERSION = YES;
				CLANG_WARN_OBJC_ROOT_CLASS = YES_ERROR;
				CLANG_WARN_QUOTED_INCLUDE_IN_FRAMEWORK_HEADER = YES;
				CLANG_WARN_RANGE_LOOP_ANALYSIS = YES;
				CLANG_WARN_STRICT_PROTOTYPES = YES;
				CLANG_WARN_SUSPICIOUS_MOVE = YES;
				CLANG_WARN_UNGUARDED_AVAILABILITY = YES_AGGRESSIVE;
				CLANG_WARN_UNREACHABLE_CODE = YES;
				CLANG_WARN__DUPLICATE_METHOD_MATCH = YES;
				COPY_PHASE_STRIP = NO;
				DEBUG_INFORMATION_FORMAT = "dwarf-with-dsym";
				ENABLE_NS_ASSERTIONS = NO;
				ENABLE_STRICT_OBJC_MSGSEND = YES;
				GCC_C_LANGUAGE_STANDARD = gnu11;
				GCC_NO_COMMON_BLOCKS = YES;
				GCC_WARN_64_TO_32_BIT_CONVERSION = YES;
				GCC_WARN_ABOUT_RETURN_TYPE = YES_ERROR;
				GCC_WARN_UNDECLARED_SELECTOR = YES;
				GCC_WARN_UNINITIALIZED_AUTOS = YES_AGGRESSIVE;
				GCC_WARN_UNUSED_FUNCTION = YES;
				GCC_WARN_UNUSED_VARIABLE = YES;
				IPHONEOS_DEPLOYMENT_TARGET = 14.0;
				MTL_ENABLE_DEBUG_INFO = NO;
				MTL_FAST_MATH = YES;
				SDKROOT = iphoneos;
				SWIFT_COMPILATION_MODE = wholemodule;
				SWIFT_OPTIMIZATION_LEVEL = "-O";
				VALIDATE_PRODUCT = YES;
			};
			name = Release;
		};
		36EA7FAF252D6303005149BF /* Debug */ = {
			isa = XCBuildConfiguration;
			buildSettings = {
				ASSETCATALOG_COMPILER_APPICON_NAME = AppIcon;
				ASSETCATALOG_COMPILER_GLOBAL_ACCENT_COLOR_NAME = AccentColor;
				CODE_SIGN_STYLE = Automatic;
				DEVELOPMENT_TEAM = 3LLG27WH43;
				INFOPLIST_FILE = Learn2Tune2/Info.plist;
				LD_RUNPATH_SEARCH_PATHS = (
					"$(inherited)",
					"@executable_path/Frameworks",
				);
				PRODUCT_BUNDLE_IDENTIFIER = com.developer.Learn2Tune2;
				PRODUCT_NAME = "$(TARGET_NAME)";
				SWIFT_VERSION = 5.0;
				TARGETED_DEVICE_FAMILY = "1,2";
			};
			name = Debug;
		};
		36EA7FB0252D6303005149BF /* Release */ = {
			isa = XCBuildConfiguration;
			buildSettings = {
				ASSETCATALOG_COMPILER_APPICON_NAME = AppIcon;
				ASSETCATALOG_COMPILER_GLOBAL_ACCENT_COLOR_NAME = AccentColor;
				CODE_SIGN_STYLE = Automatic;
				DEVELOPMENT_TEAM = 3LLG27WH43;
				INFOPLIST_FILE = Learn2Tune2/Info.plist;
				LD_RUNPATH_SEARCH_PATHS = (
					"$(inherited)",
					"@executable_path/Frameworks",
				);
				PRODUCT_BUNDLE_IDENTIFIER = com.developer.Learn2Tune2;
				PRODUCT_NAME = "$(TARGET_NAME)";
				SWIFT_VERSION = 5.0;
				TARGETED_DEVICE_FAMILY = "1,2";
			};
			name = Release;
		};
/* End XCBuildConfiguration section */

/* Begin XCConfigurationList section */
		36EA7F95252D6300005149BF /* Build configuration list for PBXProject "Learn2Tune2" */ = {
			isa = XCConfigurationList;
			buildConfigurations = (
				36EA7FAC252D6303005149BF /* Debug */,
				36EA7FAD252D6303005149BF /* Release */,
			);
			defaultConfigurationIsVisible = 0;
			defaultConfigurationName = Release;
		};
		36EA7FAE252D6303005149BF /* Build configuration list for PBXNativeTarget "Learn2Tune2" */ = {
			isa = XCConfigurationList;
			buildConfigurations = (
				36EA7FAF252D6303005149BF /* Debug */,
				36EA7FB0252D6303005149BF /* Release */,
			);
			defaultConfigurationIsVisible = 0;
			defaultConfigurationName = Release;
		};
/* End XCConfigurationList section */

/* Begin XCVersionGroup section */
		36EA7FCB252D63C3005149BF /* Learn2Tune.xcdatamodeld */ = {
			isa = XCVersionGroup;
			children = (
				36EA7FCC252D63C3005149BF /* L2T_model v 3.xcdatamodel */,
				36EA7FCD252D63C3005149BF /* L2T_model.xcdatamodel */,
				36EA7FCE252D63C3005149BF /* L2T_model v2.xcdatamodel */,
			);
			currentVersion = 36EA7FCC252D63C3005149BF /* L2T_model v 3.xcdatamodel */;
			path = Learn2Tune.xcdatamodeld;
			sourceTree = "<group>";
			versionGroupType = wrapper.xcdatamodel;
		};
/* End XCVersionGroup section */
	};
	rootObject = 36EA7F92252D6300005149BF /* Project object */;
}
